
Microsoft Visual Studio Solution File, Format Version 12.00
# Visual Studio Version 17
VisualStudioVersion = 17.2.32616.157
MinimumVisualStudioVersion = 10.0.40219.1
Project("{FAE04EC0-301F-11D3-BF4B-00C04F79EFBC}") = "lab assignment4", "lab assignment4\lab assignment4.csproj", "{C6B64478-6244-4BED-AC78-B187C74EEC9F}"
EndProject
Global
	GlobalSection(SolutionConfigurationPlatforms) = preSolution
		Debug|Any CPU = Debug|Any CPU
		Release|Any CPU = Release|Any CPU
	EndGlobalSection
	GlobalSection(ProjectConfigurationPlatforms) = postSolution
		{C6B64478-6244-4BED-AC78-B187C74EEC9F}.Debug|Any CPU.ActiveCfg = Debug|Any CPU
		{C6B64478-6244-4BED-AC78-B187C74EEC9F}.Debug|Any CPU.Build.0 = Debug|Any CPU
		{C6B64478-6244-4BED-AC78-B187C74EEC9F}.Release|Any CPU.ActiveCfg = Release|Any CPU
		{C6B64478-6244-4BED-AC78-B187C74EEC9F}.Release|Any CPU.Build.0 = Release|Any CPU
	EndGlobalSection
	GlobalSection(SolutionProperties) = preSolution
		HideSolutionNode = FALSE
	EndGlobalSection
	GlobalSection(ExtensibilityGlobals) = postSolution
		SolutionGuid = {030EAB2E-267B-4397-B175-79B4ACF65073}
	EndGlobalSection
EndGlobal
